
Microsoft Visual Studio Solution File, Format Version 11.00
# Visual Studio 2010
Project("{FAE04EC0-301F-11D3-BF4B-00C04F79EFBC}") = "TonyDo final", "Assembly-CSharp.csproj", "{0AD73AEC-D322-37F6-E9C5-59B6B3855B30}"
EndProject
Project("{FAE04EC0-301F-11D3-BF4B-00C04F79EFBC}") = "TonyDo final", "Assembly-CSharp-firstpass.csproj", "{9ABB73B7-660A-0E68-197F-7C94C3DCD73D}"
EndProject
Global
	GlobalSection(SolutionConfigurationPlatforms) = preSolution
		Debug|Any CPU = Debug|Any CPU
		Release|Any CPU = Release|Any CPU
	EndGlobalSection
	GlobalSection(ProjectConfigurationPlatforms) = postSolution
		{0AD73AEC-D322-37F6-E9C5-59B6B3855B30}.Debug|Any CPU.ActiveCfg = Debug|Any CPU
		{0AD73AEC-D322-37F6-E9C5-59B6B3855B30}.Debug|Any CPU.Build.0 = Debug|Any CPU
		{0AD73AEC-D322-37F6-E9C5-59B6B3855B30}.Release|Any CPU.ActiveCfg = Release|Any CPU
		{0AD73AEC-D322-37F6-E9C5-59B6B3855B30}.Release|Any CPU.Build.0 = Release|Any CPU
		{9ABB73B7-660A-0E68-197F-7C94C3DCD73D}.Debug|Any CPU.ActiveCfg = Debug|Any CPU
		{9ABB73B7-660A-0E68-197F-7C94C3DCD73D}.Debug|Any CPU.Build.0 = Debug|Any CPU
		{9ABB73B7-660A-0E68-197F-7C94C3DCD73D}.Release|Any CPU.ActiveCfg = Release|Any CPU
		{9ABB73B7-660A-0E68-197F-7C94C3DCD73D}.Release|Any CPU.Build.0 = Release|Any CPU
	EndGlobalSection
	GlobalSection(SolutionProperties) = preSolution
		HideSolutionNode = FALSE
	EndGlobalSection
	GlobalSection(MonoDevelopProperties) = preSolution
		StartupItem = Assembly-CSharp.csproj
	EndGlobalSection
EndGlobal
